
Microsoft Visual Studio Solution File, Format Version 12.00
# Visual Studio 2012
Project("{FAE04EC0-301F-11D3-BF4B-00C04F79EFBC}") = "Tanks.GameEngine", "Tanks.GameEngine\Tanks.GameEngine.csproj", "{659A0C2F-4E3C-4B75-A1D2-4A573DBEAE9C}"
EndProject
Project("{FAE04EC0-301F-11D3-BF4B-00C04F79EFBC}") = "Tanks.ConsoleUI", "Tanks.ConsoleUI\Tanks.ConsoleUI.csproj", "{8EC9AFBF-8743-4C96-852F-C189EF3C55B8}"
EndProject
Project("{FAE04EC0-301F-11D3-BF4B-00C04F79EFBC}") = "Tanks.WinForm", "Tanks.WinForm\Tanks.WinForm.csproj", "{A901569F-82D5-4688-9FB3-BC6FF44D2668}"
EndProject
Project("{FAE04EC0-301F-11D3-BF4B-00C04F79EFBC}") = "Tanks.GameEngine.Tests", "Tanks.GameEngine.Tests\Tanks.GameEngine.Tests.csproj", "{F5E5E925-6F64-4005-A382-D9781FF6E50E}"
EndProject
Global
	GlobalSection(SolutionConfigurationPlatforms) = preSolution
		Debug|Any CPU = Debug|Any CPU
		Debug|ARM = Debug|ARM
		Debug|x64 = Debug|x64
		Debug|x86 = Debug|x86
		Release|Any CPU = Release|Any CPU
		Release|ARM = Release|ARM
		Release|x64 = Release|x64
		Release|x86 = Release|x86
	EndGlobalSection
	GlobalSection(ProjectConfigurationPlatforms) = postSolution
		{659A0C2F-4E3C-4B75-A1D2-4A573DBEAE9C}.Debug|Any CPU.ActiveCfg = Debug|Any CPU
		{659A0C2F-4E3C-4B75-A1D2-4A573DBEAE9C}.Debug|Any CPU.Build.0 = Debug|Any CPU
		{659A0C2F-4E3C-4B75-A1D2-4A573DBEAE9C}.Debug|ARM.ActiveCfg = Debug|Any CPU
		{659A0C2F-4E3C-4B75-A1D2-4A573DBEAE9C}.Debug|x64.ActiveCfg = Debug|Any CPU
		{659A0C2F-4E3C-4B75-A1D2-4A573DBEAE9C}.Debug|x86.ActiveCfg = Debug|Any CPU
		{659A0C2F-4E3C-4B75-A1D2-4A573DBEAE9C}.Release|Any CPU.ActiveCfg = Release|Any CPU
		{659A0C2F-4E3C-4B75-A1D2-4A573DBEAE9C}.Release|Any CPU.Build.0 = Release|Any CPU
		{659A0C2F-4E3C-4B75-A1D2-4A573DBEAE9C}.Release|ARM.ActiveCfg = Release|Any CPU
		{659A0C2F-4E3C-4B75-A1D2-4A573DBEAE9C}.Release|x64.ActiveCfg = Release|Any CPU
		{659A0C2F-4E3C-4B75-A1D2-4A573DBEAE9C}.Release|x86.ActiveCfg = Release|Any CPU
		{8EC9AFBF-8743-4C96-852F-C189EF3C55B8}.Debug|Any CPU.ActiveCfg = Debug|Any CPU
		{8EC9AFBF-8743-4C96-852F-C189EF3C55B8}.Debug|Any CPU.Build.0 = Debug|Any CPU
		{8EC9AFBF-8743-4C96-852F-C189EF3C55B8}.Debug|ARM.ActiveCfg = Debug|Any CPU
		{8EC9AFBF-8743-4C96-852F-C189EF3C55B8}.Debug|x64.ActiveCfg = Debug|Any CPU
		{8EC9AFBF-8743-4C96-852F-C189EF3C55B8}.Debug|x86.ActiveCfg = Debug|Any CPU
		{8EC9AFBF-8743-4C96-852F-C189EF3C55B8}.Release|Any CPU.ActiveCfg = Release|Any CPU
		{8EC9AFBF-8743-4C96-852F-C189EF3C55B8}.Release|Any CPU.Build.0 = Release|Any CPU
		{8EC9AFBF-8743-4C96-852F-C189EF3C55B8}.Release|ARM.ActiveCfg = Release|Any CPU
		{8EC9AFBF-8743-4C96-852F-C189EF3C55B8}.Release|x64.ActiveCfg = Release|Any CPU
		{8EC9AFBF-8743-4C96-852F-C189EF3C55B8}.Release|x86.ActiveCfg = Release|Any CPU
		{A901569F-82D5-4688-9FB3-BC6FF44D2668}.Debug|Any CPU.ActiveCfg = Debug|Any CPU
		{A901569F-82D5-4688-9FB3-BC6FF44D2668}.Debug|Any CPU.Build.0 = Debug|Any CPU
		{A901569F-82D5-4688-9FB3-BC6FF44D2668}.Debug|ARM.ActiveCfg = Debug|Any CPU
		{A901569F-82D5-4688-9FB3-BC6FF44D2668}.Debug|x64.ActiveCfg = Debug|Any CPU
		{A901569F-82D5-4688-9FB3-BC6FF44D2668}.Debug|x86.ActiveCfg = Debug|Any CPU
		{A901569F-82D5-4688-9FB3-BC6FF44D2668}.Release|Any CPU.ActiveCfg = Release|Any CPU
		{A901569F-82D5-4688-9FB3-BC6FF44D2668}.Release|Any CPU.Build.0 = Release|Any CPU
		{A901569F-82D5-4688-9FB3-BC6FF44D2668}.Release|ARM.ActiveCfg = Release|Any CPU
		{A901569F-82D5-4688-9FB3-BC6FF44D2668}.Release|x64.ActiveCfg = Release|Any CPU
		{A901569F-82D5-4688-9FB3-BC6FF44D2668}.Release|x86.ActiveCfg = Release|Any CPU
		{F5E5E925-6F64-4005-A382-D9781FF6E50E}.Debug|Any CPU.ActiveCfg = Debug|Any CPU
		{F5E5E925-6F64-4005-A382-D9781FF6E50E}.Debug|Any CPU.Build.0 = Debug|Any CPU
		{F5E5E925-6F64-4005-A382-D9781FF6E50E}.Debug|ARM.ActiveCfg = Debug|Any CPU
		{F5E5E925-6F64-4005-A382-D9781FF6E50E}.Debug|x64.ActiveCfg = Debug|Any CPU
		{F5E5E925-6F64-4005-A382-D9781FF6E50E}.Debug|x86.ActiveCfg = Debug|Any CPU
		{F5E5E925-6F64-4005-A382-D9781FF6E50E}.Release|Any CPU.ActiveCfg = Release|Any CPU
		{F5E5E925-6F64-4005-A382-D9781FF6E50E}.Release|Any CPU.Build.0 = Release|Any CPU
		{F5E5E925-6F64-4005-A382-D9781FF6E50E}.Release|ARM.ActiveCfg = Release|Any CPU
		{F5E5E925-6F64-4005-A382-D9781FF6E50E}.Release|x64.ActiveCfg = Release|Any CPU
		{F5E5E925-6F64-4005-A382-D9781FF6E50E}.Release|x86.ActiveCfg = Release|Any CPU
	EndGlobalSection
	GlobalSection(SolutionProperties) = preSolution
		HideSolutionNode = FALSE
	EndGlobalSection
EndGlobal
